// !$*UTF8*$!
{
	archiveVersion = 1;
	classes = {
	};
	objectVersion = 56;
	objects = {

/* Begin PBXBuildFile section */
		828AB1E02A62C0FE00E823BF /* AppDelegate.swift in Sources */ = {isa = PBXBuildFile; fileRef = 828AB1DF2A62C0FE00E823BF /* AppDelegate.swift */; };
		828AB1E22A62C0FE00E823BF /* SceneDelegate.swift in Sources */ = {isa = PBXBuildFile; fileRef = 828AB1E12A62C0FE00E823BF /* SceneDelegate.swift */; };
		828AB1E42A62C0FE00E823BF /* ViewController.swift in Sources */ = {isa = PBXBuildFile; fileRef = 828AB1E32A62C0FE00E823BF /* ViewController.swift */; };
		828AB1E72A62C0FE00E823BF /* Main.storyboard in Resources */ = {isa = PBXBuildFile; fileRef = 828AB1E52A62C0FE00E823BF /* Main.storyboard */; };
		828AB1E92A62C0FE00E823BF /* Assets.xcassets in Resources */ = {isa = PBXBuildFile; fileRef = 828AB1E82A62C0FE00E823BF /* Assets.xcassets */; };
		828AB1EC2A62C0FE00E823BF /* LaunchScreen.storyboard in Resources */ = {isa = PBXBuildFile; fileRef = 828AB1EA2A62C0FE00E823BF /* LaunchScreen.storyboard */; };
		828AB1F72A62C0FF00E823BF /* my_practice_9Tests.swift in Sources */ = {isa = PBXBuildFile; fileRef = 828AB1F62A62C0FF00E823BF /* my_practice_9Tests.swift */; };
		828AB2012A62C0FF00E823BF /* my_practice_9UITests.swift in Sources */ = {isa = PBXBuildFile; fileRef = 828AB2002A62C0FF00E823BF /* my_practice_9UITests.swift */; };
		828AB2032A62C0FF00E823BF /* my_practice_9UITestsLaunchTests.swift in Sources */ = {isa = PBXBuildFile; fileRef = 828AB2022A62C0FF00E823BF /* my_practice_9UITestsLaunchTests.swift */; };
/* End PBXBuildFile section */

/* Begin PBXContainerItemProxy section */
		828AB1F32A62C0FF00E823BF /* PBXContainerItemProxy */ = {
			isa = PBXContainerItemProxy;
			containerPortal = 828AB1D42A62C0FE00E823BF /* Project object */;
			proxyType = 1;
			remoteGlobalIDString = 828AB1DB2A62C0FE00E823BF;
			remoteInfo = my_practice_9;
		};
		828AB1FD2A62C0FF00E823BF /* PBXContainerItemProxy */ = {
			isa = PBXContainerItemProxy;
			containerPortal = 828AB1D42A62C0FE00E823BF /* Project object */;
			proxyType = 1;
			remoteGlobalIDString = 828AB1DB2A62C0FE00E823BF;
			remoteInfo = my_practice_9;
		};
/* End PBXContainerItemProxy section */

/* Begin PBXFileReference section */
		828AB1DC2A62C0FE00E823BF /* my_practice_9.app */ = {isa = PBXFileReference; explicitFileType = wrapper.application; includeInIndex = 0; path = my_practice_9.app; sourceTree = BUILT_PRODUCTS_DIR; };
		828AB1DF2A62C0FE00E823BF /* AppDelegate.swift */ = {isa = PBXFileReference; lastKnownFileType = sourcecode.swift; path = AppDelegate.swift; sourceTree = "<group>"; };
		828AB1E12A62C0FE00E823BF /* SceneDelegate.swift */ = {isa = PBXFileReference; lastKnownFileType = sourcecode.swift; path = SceneDelegate.swift; sourceTree = "<group>"; };
		828AB1E32A62C0FE00E823BF /* ViewController.swift */ = {isa = PBXFileReference; lastKnownFileType = sourcecode.swift; path = ViewController.swift; sourceTree = "<group>"; };
		828AB1E62A62C0FE00E823BF /* Base */ = {isa = PBXFileReference; lastKnownFileType = file.storyboard; name = Base; path = Base.lproj/Main.storyboard; sourceTree = "<group>"; };
		828AB1E82A62C0FE00E823BF /* Assets.xcassets */ = {isa = PBXFileReference; lastKnownFileType = folder.assetcatalog; path = Assets.xcassets; sourceTree = "<group>"; };
		828AB1EB2A62C0FE00E823BF /* Base */ = {isa = PBXFileReference; lastKnownFileType = file.storyboard; name = Base; path = Base.lproj/LaunchScreen.storyboard; sourceTree = "<group>"; };
		828AB1ED2A62C0FE00E823BF /* Info.plist */ = {isa = PBXFileReference; lastKnownFileType = text.plist.xml; path = Info.plist; sourceTree = "<group>"; };
		828AB1F22A62C0FF00E823BF /* my_practice_9Tests.xctest */ = {isa = PBXFileReference; explicitFileType = wrapper.cfbundle; includeInIndex = 0; path = my_practice_9Tests.xctest; sourceTree = BUILT_PRODUCTS_DIR; };
		828AB1F62A62C0FF00E823BF /* my_practice_9Tests.swift */ = {isa = PBXFileReference; lastKnownFileType = sourcecode.swift; path = my_practice_9Tests.swift; sourceTree = "<group>"; };
		828AB1FC2A62C0FF00E823BF /* my_practice_9UITests.xctest */ = {isa = PBXFileReference; explicitFileType = wrapper.cfbundle; includeInIndex = 0; path = my_practice_9UITests.xctest; sourceTree = BUILT_PRODUCTS_DIR; };
		828AB2002A62C0FF00E823BF /* my_practice_9UITests.swift */ = {isa = PBXFileReference; lastKnownFileType = sourcecode.swift; path = my_practice_9UITests.swift; sourceTree = "<group>"; };
		828AB2022A62C0FF00E823BF /* my_practice_9UITestsLaunchTests.swift */ = {isa = PBXFileReference; lastKnownFileType = sourcecode.swift; path = my_practice_9UITestsLaunchTests.swift; sourceTree = "<group>"; };
/* End PBXFileReference section */

/* Begin PBXFrameworksBuildPhase section */
		828AB1D92A62C0FE00E823BF /* Frameworks */ = {
			isa = PBXFrameworksBuildPhase;
			buildActionMask = 2147483647;
			files = (
			);
			runOnlyForDeploymentPostprocessing = 0;
		};
		828AB1EF2A62C0FF00E823BF /* Frameworks */ = {
			isa = PBXFrameworksBuildPhase;
			buildActionMask = 2147483647;
			files = (
			);
			runOnlyForDeploymentPostprocessing = 0;
		};
		828AB1F92A62C0FF00E823BF /* Frameworks */ = {
			isa = PBXFrameworksBuildPhase;
			buildActionMask = 2147483647;
			files = (
			);
			runOnlyForDeploymentPostprocessing = 0;
		};
/* End PBXFrameworksBuildPhase section */

/* Begin PBXGroup section */
		828AB1D32A62C0FE00E823BF = {
			isa = PBXGroup;
			children = (
				828AB1DE2A62C0FE00E823BF /* my_practice_9 */,
				828AB1F52A62C0FF00E823BF /* my_practice_9Tests */,
				828AB1FF2A62C0FF00E823BF /* my_practice_9UITests */,
				828AB1DD2A62C0FE00E823BF /* Products */,
			);
			sourceTree = "<group>";
		};
		828AB1DD2A62C0FE00E823BF /* Products */ = {
			isa = PBXGroup;
			children = (
				828AB1DC2A62C0FE00E823BF /* my_practice_9.app */,
				828AB1F22A62C0FF00E823BF /* my_practice_9Tests.xctest */,
				828AB1FC2A62C0FF00E823BF /* my_practice_9UITests.xctest */,
			);
			name = Products;
			sourceTree = "<group>";
		};
		828AB1DE2A62C0FE00E823BF /* my_practice_9 */ = {
			isa = PBXGroup;
			children = (
				828AB1DF2A62C0FE00E823BF /* AppDelegate.swift */,
				828AB1E12A62C0FE00E823BF /* SceneDelegate.swift */,
				828AB1E32A62C0FE00E823BF /* ViewController.swift */,
				828AB1E52A62C0FE00E823BF /* Main.storyboard */,
				828AB1E82A62C0FE00E823BF /* Assets.xcassets */,
				828AB1EA2A62C0FE00E823BF /* LaunchScreen.storyboard */,
				828AB1ED2A62C0FE00E823BF /* Info.plist */,
			);
			path = my_practice_9;
			sourceTree = "<group>";
		};
		828AB1F52A62C0FF00E823BF /* my_practice_9Tests */ = {
			isa = PBXGroup;
			children = (
				828AB1F62A62C0FF00E823BF /* my_practice_9Tests.swift */,
			);
			path = my_practice_9Tests;
			sourceTree = "<group>";
		};
		828AB1FF2A62C0FF00E823BF /* my_practice_9UITests */ = {
			isa = PBXGroup;
			children = (
				828AB2002A62C0FF00E823BF /* my_practice_9UITests.swift */,
				828AB2022A62C0FF00E823BF /* my_practice_9UITestsLaunchTests.swift */,
			);
			path = my_practice_9UITests;
			sourceTree = "<group>";
		};
/* End PBXGroup section */

/* Begin PBXNativeTarget section */
		828AB1DB2A62C0FE00E823BF /* my_practice_9 */ = {
			isa = PBXNativeTarget;
			buildConfigurationList = 828AB2062A62C0FF00E823BF /* Build configuration list for PBXNativeTarget "my_practice_9" */;
			buildPhases = (
				828AB1D82A62C0FE00E823BF /* Sources */,
				828AB1D92A62C0FE00E823BF /* Frameworks */,
				828AB1DA2A62C0FE00E823BF /* Resources */,
			);
			buildRules = (
			);
			dependencies = (
			);
			name = my_practice_9;
			productName = my_practice_9;
			productReference = 828AB1DC2A62C0FE00E823BF /* my_practice_9.app */;
			productType = "com.apple.product-type.application";
		};
		828AB1F12A62C0FF00E823BF /* my_practice_9Tests */ = {
			isa = PBXNativeTarget;
			buildConfigurationList = 828AB2092A62C0FF00E823BF /* Build configuration list for PBXNativeTarget "my_practice_9Tests" */;
			buildPhases = (
				828AB1EE2A62C0FF00E823BF /* Sources */,
				828AB1EF2A62C0FF00E823BF /* Frameworks */,
				828AB1F02A62C0FF00E823BF /* Resources */,
			);
			buildRules = (
			);
			dependencies = (
				828AB1F42A62C0FF00E823BF /* PBXTargetDependency */,
			);
			name = my_practice_9Tests;
			productName = my_practice_9Tests;
			productReference = 828AB1F22A62C0FF00E823BF /* my_practice_9Tests.xctest */;
			productType = "com.apple.product-type.bundle.unit-test";
		};
		828AB1FB2A62C0FF00E823BF /* my_practice_9UITests */ = {
			isa = PBXNativeTarget;
			buildConfigurationList = 828AB20C2A62C0FF00E823BF /* Build configuration list for PBXNativeTarget "my_practice_9UITests" */;
			buildPhases = (
				828AB1F82A62C0FF00E823BF /* Sources */,
				828AB1F92A62C0FF00E823BF /* Frameworks */,
				828AB1FA2A62C0FF00E823BF /* Resources */,
			);
			buildRules = (
			);
			dependencies = (
				828AB1FE2A62C0FF00E823BF /* PBXTargetDependency */,
			);
			name = my_practice_9UITests;
			productName = my_practice_9UITests;
			productReference = 828AB1FC2A62C0FF00E823BF /* my_practice_9UITests.xctest */;
			productType = "com.apple.product-type.bundle.ui-testing";
		};
/* End PBXNativeTarget section */

/* Begin PBXProject section */
		828AB1D42A62C0FE00E823BF /* Project object */ = {
			isa = PBXProject;
			attributes = {
				BuildIndependentTargetsInParallel = 1;
				LastSwiftUpdateCheck = 1430;
				LastUpgradeCheck = 1430;
				TargetAttributes = {
					828AB1DB2A62C0FE00E823BF = {
						CreatedOnToolsVersion = 14.3.1;
					};
					828AB1F12A62C0FF00E823BF = {
						CreatedOnToolsVersion = 14.3.1;
						TestTargetID = 828AB1DB2A62C0FE00E823BF;
					};
					828AB1FB2A62C0FF00E823BF = {
						CreatedOnToolsVersion = 14.3.1;
						TestTargetID = 828AB1DB2A62C0FE00E823BF;
					};
				};
			};
			buildConfigurationList = 828AB1D72A62C0FE00E823BF /* Build configuration list for PBXProject "my_practice_9" */;
			compatibilityVersion = "Xcode 14.0";
			developmentRegion = en;
			hasScannedForEncodings = 0;
			knownRegions = (
				en,
				Base,
			);
			mainGroup = 828AB1D32A62C0FE00E823BF;
			productRefGroup = 828AB1DD2A62C0FE00E823BF /* Products */;
			projectDirPath = "";
			projectRoot = "";
			targets = (
				828AB1DB2A62C0FE00E823BF /* my_practice_9 */,
				828AB1F12A62C0FF00E823BF /* my_practice_9Tests */,
				828AB1FB2A62C0FF00E823BF /* my_practice_9UITests */,
			);
		};
/* End PBXProject section */

/* Begin PBXResourcesBuildPhase section */
		828AB1DA2A62C0FE00E823BF /* Resources */ = {
			isa = PBXResourcesBuildPhase;
			buildActionMask = 2147483647;
			files = (
				828AB1EC2A62C0FE00E823BF /* LaunchScreen.storyboard in Resources */,
				828AB1E92A62C0FE00E823BF /* Assets.xcassets in Resources */,
				828AB1E72A62C0FE00E823BF /* Main.storyboard in Resources */,
			);
			runOnlyForDeploymentPostprocessing = 0;
		};
		828AB1F02A62C0FF00E823BF /* Resources */ = {
			isa = PBXResourcesBuildPhase;
			buildActionMask = 2147483647;
			files = (
			);
			runOnlyForDeploymentPostprocessing = 0;
		};
		828AB1FA2A62C0FF00E823BF /* Resources */ = {
			isa = PBXResourcesBuildPhase;
			buildActionMask = 2147483647;
			files = (
			);
			runOnlyForDeploymentPostprocessing = 0;
		};
/* End PBXResourcesBuildPhase section */

/* Begin PBXSourcesBuildPhase section */
		828AB1D82A62C0FE00E823BF /* Sources */ = {
			isa = PBXSourcesBuildPhase;
			buildActionMask = 2147483647;
			files = (
				828AB1E42A62C0FE00E823BF /* ViewController.swift in Sources */,
				828AB1E02A62C0FE00E823BF /* AppDelegate.swift in Sources */,
				828AB1E22A62C0FE00E823BF /* SceneDelegate.swift in Sources */,
			);
			runOnlyForDeploymentPostprocessing = 0;
		};
		828AB1EE2A62C0FF00E823BF /* Sources */ = {
			isa = PBXSourcesBuildPhase;
			buildActionMask = 2147483647;
			files = (
				828AB1F72A62C0FF00E823BF /* my_practice_9Tests.swift in Sources */,
			);
			runOnlyForDeploymentPostprocessing = 0;
		};
		828AB1F82A62C0FF00E823BF /* Sources */ = {
			isa = PBXSourcesBuildPhase;
			buildActionMask = 2147483647;
			files = (
				828AB2012A62C0FF00E823BF /* my_practice_9UITests.swift in Sources */,
				828AB2032A62C0FF00E823BF /* my_practice_9UITestsLaunchTests.swift in Sources */,
			);
			runOnlyForDeploymentPostprocessing = 0;
		};
/* End PBXSourcesBuildPhase section */

/* Begin PBXTargetDependency section */
		828AB1F42A62C0FF00E823BF /* PBXTargetDependency */ = {
			isa = PBXTargetDependency;
			target = 828AB1DB2A62C0FE00E823BF /* my_practice_9 */;
			targetProxy = 828AB1F32A62C0FF00E823BF /* PBXContainerItemProxy */;
		};
		828AB1FE2A62C0FF00E823BF /* PBXTargetDependency */ = {
			isa = PBXTargetDependency;
			target = 828AB1DB2A62C0FE00E823BF /* my_practice_9 */;
			targetProxy = 828AB1FD2A62C0FF00E823BF /* PBXContainerItemProxy */;
		};
/* End PBXTargetDependency section */

/* Begin PBXVariantGroup section */
		828AB1E52A62C0FE00E823BF /* Main.storyboard */ = {
			isa = PBXVariantGroup;
			children = (
				828AB1E62A62C0FE00E823BF /* Base */,
			);
			name = Main.storyboard;
			sourceTree = "<group>";
		};
		828AB1EA2A62C0FE00E823BF /* LaunchScreen.storyboard */ = {
			isa = PBXVariantGroup;
			children = (
				828AB1EB2A62C0FE00E823BF /* Base */,
			);
			name = LaunchScreen.storyboard;
			sourceTree = "<group>";
		};
/* End PBXVariantGroup section */

/* Begin XCBuildConfiguration section */
		828AB2042A62C0FF00E823BF /* Debug */ = {
			isa = XCBuildConfiguration;
			buildSettings = {
				ALWAYS_SEARCH_USER_PATHS = NO;
				CLANG_ANALYZER_NONNULL = YES;
				CLANG_ANALYZER_NUMBER_OBJECT_CONVERSION = YES_AGGRESSIVE;
				CLANG_CXX_LANGUAGE_STANDARD = "gnu++20";
				CLANG_ENABLE_MODULES = YES;
				CLANG_ENABLE_OBJC_ARC = YES;
				CLANG_ENABLE_OBJC_WEAK = YES;
				CLANG_WARN_BLOCK_CAPTURE_AUTORELEASING = YES;
				CLANG_WARN_BOOL_CONVERSION = YES;
				CLANG_WARN_COMMA = YES;
				CLANG_WARN_CONSTANT_CONVERSION = YES;
				CLANG_WARN_DEPRECATED_OBJC_IMPLEMENTATIONS = YES;
				CLANG_WARN_DIRECT_OBJC_ISA_USAGE = YES_ERROR;
				CLANG_WARN_DOCUMENTATION_COMMENTS = YES;
				CLANG_WARN_EMPTY_BODY = YES;
				CLANG_WARN_ENUM_CONVERSION = YES;
				CLANG_WARN_INFINITE_RECURSION = YES;
				CLANG_WARN_INT_CONVERSION = YES;
				CLANG_WARN_NON_LITERAL_NULL_CONVERSION = YES;
				CLANG_WARN_OBJC_IMPLICIT_RETAIN_SELF = YES;
				CLANG_WARN_OBJC_LITERAL_CONVERSION = YES;
				CLANG_WARN_OBJC_ROOT_CLASS = YES_ERROR;
				CLANG_WARN_QUOTED_INCLUDE_IN_FRAMEWORK_HEADER = YES;
				CLANG_WARN_RANGE_LOOP_ANALYSIS = YES;
				CLANG_WARN_STRICT_PROTOTYPES = YES;
				CLANG_WARN_SUSPICIOUS_MOVE = YES;
				CLANG_WARN_UNGUARDED_AVAILABILITY = YES_AGGRESSIVE;
				CLANG_WARN_UNREACHABLE_CODE = YES;
				CLANG_WARN__DUPLICATE_METHOD_MATCH = YES;
				COPY_PHASE_STRIP = NO;
				DEBUG_INFORMATION_FORMAT = dwarf;
				ENABLE_STRICT_OBJC_MSGSEND = YES;
				ENABLE_TESTABILITY = YES;
				GCC_C_LANGUAGE_STANDARD = gnu11;
				GCC_DYNAMIC_NO_PIC = NO;
				GCC_NO_COMMON_BLOCKS = YES;
				GCC_OPTIMIZATION_LEVEL = 0;
				GCC_PREPROCESSOR_DEFINITIONS = (
					"DEBUG=1",
					"$(inherited)",
				);
				GCC_WARN_64_TO_32_BIT_CONVERSION = YES;
				GCC_WARN_ABOUT_RETURN_TYPE = YES_ERROR;
				GCC_WARN_UNDECLARED_SELECTOR = YES;
				GCC_WARN_UNINITIALIZED_AUTOS = YES_AGGRESSIVE;
				GCC_WARN_UNUSED_FUNCTION = YES;
				GCC_WARN_UNUSED_VARIABLE = YES;
				IPHONEOS_DEPLOYMENT_TARGET = 16.4;
				MTL_ENABLE_DEBUG_INFO = INCLUDE_SOURCE;
				MTL_FAST_MATH = YES;
				ONLY_ACTIVE_ARCH = YES;
				SDKROOT = iphoneos;
				SWIFT_ACTIVE_COMPILATION_CONDITIONS = DEBUG;
				SWIFT_OPTIMIZATION_LEVEL = "-Onone";
			};
			name = Debug;
		};
		828AB2052A62C0FF00E823BF /* Release */ = {
			isa = XCBuildConfiguration;
			buildSettings = {
				ALWAYS_SEARCH_USER_PATHS = NO;
				CLANG_ANALYZER_NONNULL = YES;
				CLANG_ANALYZER_NUMBER_OBJECT_CONVERSION = YES_AGGRESSIVE;
				CLANG_CXX_LANGUAGE_STANDARD = "gnu++20";
				CLANG_ENABLE_MODULES = YES;
				CLANG_ENABLE_OBJC_ARC = YES;
				CLANG_ENABLE_OBJC_WEAK = YES;
				CLANG_WARN_BLOCK_CAPTURE_AUTORELEASING = YES;
				CLANG_WARN_BOOL_CONVERSION = YES;
				CLANG_WARN_COMMA = YES;
				CLANG_WARN_CONSTANT_CONVERSION = YES;
				CLANG_WARN_DEPRECATED_OBJC_IMPLEMENTATIONS = YES;
				CLANG_WARN_DIRECT_OBJC_ISA_USAGE = YES_ERROR;
				CLANG_WARN_DOCUMENTATION_COMMENTS = YES;
				CLANG_WARN_EMPTY_BODY = YES;
				CLANG_WARN_ENUM_CONVERSION = YES;
				CLANG_WARN_INFINITE_RECURSION = YES;
				CLANG_WARN_INT_CONVERSION = YES;
				CLANG_WARN_NON_LITERAL_NULL_CONVERSION = YES;
				CLANG_WARN_OBJC_IMPLICIT_RETAIN_SELF = YES;
				CLANG_WARN_OBJC_LITERAL_CONVERSION = YES;
				CLANG_WARN_OBJC_ROOT_CLASS = YES_ERROR;
				CLANG_WARN_QUOTED_INCLUDE_IN_FRAMEWORK_HEADER = YES;
				CLANG_WARN_RANGE_LOOP_ANALYSIS = YES;
				CLANG_WARN_STRICT_PROTOTYPES = YES;
				CLANG_WARN_SUSPICIOUS_MOVE = YES;
				CLANG_WARN_UNGUARDED_AVAILABILITY = YES_AGGRESSIVE;
				CLANG_WARN_UNREACHABLE_CODE = YES;
				CLANG_WARN__DUPLICATE_METHOD_MATCH = YES;
				COPY_PHASE_STRIP = NO;
				DEBUG_INFORMATION_FORMAT = "dwarf-with-dsym";
				ENABLE_NS_ASSERTIONS = NO;
				ENABLE_STRICT_OBJC_MSGSEND = YES;
				GCC_C_LANGUAGE_STANDARD = gnu11;
				GCC_NO_COMMON_BLOCKS = YES;
				GCC_WARN_64_TO_32_BIT_CONVERSION = YES;
				GCC_WARN_ABOUT_RETURN_TYPE = YES_ERROR;
				GCC_WARN_UNDECLARED_SELECTOR = YES;
				GCC_WARN_UNINITIALIZED_AUTOS = YES_AGGRESSIVE;
				GCC_WARN_UNUSED_FUNCTION = YES;
				GCC_WARN_UNUSED_VARIABLE = YES;
				IPHONEOS_DEPLOYMENT_TARGET = 16.4;
				MTL_ENABLE_DEBUG_INFO = NO;
				MTL_FAST_MATH = YES;
				SDKROOT = iphoneos;
				SWIFT_COMPILATION_MODE = wholemodule;
				SWIFT_OPTIMIZATION_LEVEL = "-O";
				VALIDATE_PRODUCT = YES;
			};
			name = Release;
		};
		828AB2072A62C0FF00E823BF /* Debug */ = {
			isa = XCBuildConfiguration;
			buildSettings = {
				ASSETCATALOG_COMPILER_APPICON_NAME = AppIcon;
				ASSETCATALOG_COMPILER_GLOBAL_ACCENT_COLOR_NAME = AccentColor;
				CODE_SIGN_STYLE = Automatic;
				CURRENT_PROJECT_VERSION = 1;
				DEVELOPMENT_TEAM = 977C44PQHL;
				GENERATE_INFOPLIST_FILE = YES;
				INFOPLIST_FILE = my_practice_9/Info.plist;
				INFOPLIST_KEY_UIApplicationSupportsIndirectInputEvents = YES;
				INFOPLIST_KEY_UILaunchStoryboardName = LaunchScreen;
				INFOPLIST_KEY_UIMainStoryboardFile = Main;
				INFOPLIST_KEY_UISupportedInterfaceOrientations_iPad = "UIInterfaceOrientationPortrait UIInterfaceOrientationPortraitUpsideDown UIInterfaceOrientationLandscapeLeft UIInterfaceOrientationLandscapeRight";
				INFOPLIST_KEY_UISupportedInterfaceOrientations_iPhone = "UIInterfaceOrientationPortrait UIInterfaceOrientationLandscapeLeft UIInterfaceOrientationLandscapeRight";
				LD_RUNPATH_SEARCH_PATHS = (
					"$(inherited)",
					"@executable_path/Frameworks",
				);
				MARKETING_VERSION = 1.0;
				PRODUCT_BUNDLE_IDENTIFIER = "tydevelopers.com.my-practice-9";
				PRODUCT_NAME = "$(TARGET_NAME)";
				SWIFT_EMIT_LOC_STRINGS = YES;
				SWIFT_VERSION = 5.0;
				TARGETED_DEVICE_FAMILY = "1,2";
			};
			name = Debug;
		};
		828AB2082A62C0FF00E823BF /* Release */ = {
			isa = XCBuildConfiguration;
			buildSettings = {
				ASSETCATALOG_COMPILER_APPICON_NAME = AppIcon;
				ASSETCATALOG_COMPILER_GLOBAL_ACCENT_COLOR_NAME = AccentColor;
				CODE_SIGN_STYLE = Automatic;
				CURRENT_PROJECT_VERSION = 1;
				DEVELOPMENT_TEAM = 977C44PQHL;
				GENERATE_INFOPLIST_FILE = YES;
				INFOPLIST_FILE = my_practice_9/Info.plist;
				INFOPLIST_KEY_UIApplicationSupportsIndirectInputEvents = YES;
				INFOPLIST_KEY_UILaunchStoryboardName = LaunchScreen;
				INFOPLIST_KEY_UIMainStoryboardFile = Main;
				INFOPLIST_KEY_UISupportedInterfaceOrientations_iPad = "UIInterfaceOrientationPortrait UIInterfaceOrientationPortraitUpsideDown UIInterfaceOrientationLandscapeLeft UIInterfaceOrientationLandscapeRight";
				INFOPLIST_KEY_UISupportedInterfaceOrientations_iPhone = "UIInterfaceOrientationPortrait UIInterfaceOrientationLandscapeLeft UIInterfaceOrientationLandscapeRight";
				LD_RUNPATH_SEARCH_PATHS = (
					"$(inherited)",
					"@executable_path/Frameworks",
				);
				MARKETING_VERSION = 1.0;
				PRODUCT_BUNDLE_IDENTIFIER = "tydevelopers.com.my-practice-9";
				PRODUCT_NAME = "$(TARGET_NAME)";
				SWIFT_EMIT_LOC_STRINGS = YES;
				SWIFT_VERSION = 5.0;
				TARGETED_DEVICE_FAMILY = "1,2";
			};
			name = Release;
		};
		828AB20A2A62C0FF00E823BF /* Debug */ = {
			isa = XCBuildConfiguration;
			buildSettings = {
				ALWAYS_EMBED_SWIFT_STANDARD_LIBRARIES = YES;
				BUNDLE_LOADER = "$(TEST_HOST)";
				CODE_SIGN_STYLE = Automatic;
				CURRENT_PROJECT_VERSION = 1;
				DEVELOPMENT_TEAM = 977C44PQHL;
				GENERATE_INFOPLIST_FILE = YES;
				IPHONEOS_DEPLOYMENT_TARGET = 16.4;
				MARKETING_VERSION = 1.0;
				PRODUCT_BUNDLE_IDENTIFIER = "tydevelopers.com.my-practice-9Tests";
				PRODUCT_NAME = "$(TARGET_NAME)";
				SWIFT_EMIT_LOC_STRINGS = NO;
				SWIFT_VERSION = 5.0;
				TARGETED_DEVICE_FAMILY = "1,2";
				TEST_HOST = "$(BUILT_PRODUCTS_DIR)/my_practice_9.app/$(BUNDLE_EXECUTABLE_FOLDER_PATH)/my_practice_9";
			};
			name = Debug;
		};
		828AB20B2A62C0FF00E823BF /* Release */ = {
			isa = XCBuildConfiguration;
			buildSettings = {
				ALWAYS_EMBED_SWIFT_STANDARD_LIBRARIES = YES;
				BUNDLE_LOADER = "$(TEST_HOST)";
				CODE_SIGN_STYLE = Automatic;
				CURRENT_PROJECT_VERSION = 1;
				DEVELOPMENT_TEAM = 977C44PQHL;
				GENERATE_INFOPLIST_FILE = YES;
				IPHONEOS_DEPLOYMENT_TARGET = 16.4;
				MARKETING_VERSION = 1.0;
				PRODUCT_BUNDLE_IDENTIFIER = "tydevelopers.com.my-practice-9Tests";
				PRODUCT_NAME = "$(TARGET_NAME)";
				SWIFT_EMIT_LOC_STRINGS = NO;
				SWIFT_VERSION = 5.0;
				TARGETED_DEVICE_FAMILY = "1,2";
				TEST_HOST = "$(BUILT_PRODUCTS_DIR)/my_practice_9.app/$(BUNDLE_EXECUTABLE_FOLDER_PATH)/my_practice_9";
			};
			name = Release;
		};
		828AB20D2A62C0FF00E823BF /* Debug */ = {
			isa = XCBuildConfiguration;
			buildSettings = {
				ALWAYS_EMBED_SWIFT_STANDARD_LIBRARIES = YES;
				CODE_SIGN_STYLE = Automatic;
				CURRENT_PROJECT_VERSION = 1;
				DEVELOPMENT_TEAM = 977C44PQHL;
				GENERATE_INFOPLIST_FILE = YES;
				MARKETING_VERSION = 1.0;
				PRODUCT_BUNDLE_IDENTIFIER = "tydevelopers.com.my-practice-9UITests";
				PRODUCT_NAME = "$(TARGET_NAME)";
				SWIFT_EMIT_LOC_STRINGS = NO;
				SWIFT_VERSION = 5.0;
				TARGETED_DEVICE_FAMILY = "1,2";
				TEST_TARGET_NAME = my_practice_9;
			};
			name = Debug;
		};
		828AB20E2A62C0FF00E823BF /* Release */ = {
			isa = XCBuildConfiguration;
			buildSettings = {
				ALWAYS_EMBED_SWIFT_STANDARD_LIBRARIES = YES;
				CODE_SIGN_STYLE = Automatic;
				CURRENT_PROJECT_VERSION = 1;
				DEVELOPMENT_TEAM = 977C44PQHL;
				GENERATE_INFOPLIST_FILE = YES;
				MARKETING_VERSION = 1.0;
				PRODUCT_BUNDLE_IDENTIFIER = "tydevelopers.com.my-practice-9UITests";
				PRODUCT_NAME = "$(TARGET_NAME)";
				SWIFT_EMIT_LOC_STRINGS = NO;
				SWIFT_VERSION = 5.0;
				TARGETED_DEVICE_FAMILY = "1,2";
				TEST_TARGET_NAME = my_practice_9;
			};
			name = Release;
		};
/* End XCBuildConfiguration section */

/* Begin XCConfigurationList section */
		828AB1D72A62C0FE00E823BF /* Build configuration list for PBXProject "my_practice_9" */ = {
			isa = XCConfigurationList;
			buildConfigurations = (
				828AB2042A62C0FF00E823BF /* Debug */,
				828AB2052A62C0FF00E823BF /* Release */,
			);
			defaultConfigurationIsVisible = 0;
			defaultConfigurationName = Release;
		};
		828AB2062A62C0FF00E823BF /* Build configuration list for PBXNativeTarget "my_practice_9" */ = {
			isa = XCConfigurationList;
			buildConfigurations = (
				828AB2072A62C0FF00E823BF /* Debug */,
				828AB2082A62C0FF00E823BF /* Release */,
			);
			defaultConfigurationIsVisible = 0;
			defaultConfigurationName = Release;
		};
		828AB2092A62C0FF00E823BF /* Build configuration list for PBXNativeTarget "my_practice_9Tests" */ = {
			isa = XCConfigurationList;
			buildConfigurations = (
				828AB20A2A62C0FF00E823BF /* Debug */,
				828AB20B2A62C0FF00E823BF /* Release */,
			);
			defaultConfigurationIsVisible = 0;
			defaultConfigurationName = Release;
		};
		828AB20C2A62C0FF00E823BF /* Build configuration list for PBXNativeTarget "my_practice_9UITests" */ = {
			isa = XCConfigurationList;
			buildConfigurations = (
				828AB20D2A62C0FF00E823BF /* Debug */,
				828AB20E2A62C0FF00E823BF /* Release */,
			);
			defaultConfigurationIsVisible = 0;
			defaultConfigurationName = Release;
		};
/* End XCConfigurationList section */
	};
	rootObject = 828AB1D42A62C0FE00E823BF /* Project object */;
}
